PODS:
  - adrop_ads_flutter (0.0.1):
    - AdropAds
    - Flutter
  - AdropAds (0.1.4):
    - Alamofire (= 5.8.0)
  - Alamofire (5.8.0)
  - Flutter (1.0.0)
  - integration_test (0.0.1):
    - Flutter

DEPENDENCIES:
  - adrop_ads_flutter (from `.symlinks/plugins/adrop_ads_flutter/ios`)
  - AdropAds (from `https://github.com/OpenRhapsody/adrop-ads-cocoapod.git`)
  - Flutter (from `Flutter`)
  - integration_test (from `.symlinks/plugins/integration_test/ios`)

SPEC REPOS:
  trunk:
    - Alamofire

EXTERNAL SOURCES:
  adrop_ads_flutter:
    :path: ".symlinks/plugins/adrop_ads_flutter/ios"
  AdropAds:
    :git: https://github.com/OpenRhapsody/adrop-ads-cocoapod.git
  Flutter:
    :path: Flutter
  integration_test:
    :path: ".symlinks/plugins/integration_test/ios"

CHECKOUT OPTIONS:
  AdropAds:
    :commit: 77db1f52a34aba12f85679f49287c32c23b86522
    :git: https://github.com/OpenRhapsody/adrop-ads-cocoapod.git

SPEC CHECKSUMS:
  adrop_ads_flutter: 5ca02bf605365ac2351fa54e5ae580a639a70fbc
  AdropAds: d6482a6d215c6d8e73b73443cacfd941604cbf4c
  Alamofire: 0e92e751b3e9e66d7982db43919d01f313b8eb91
  Flutter: f04841e97a9d0b0a8025694d0796dd46242b2854
  integration_test: 13825b8a9334a850581300559b8839134b124670

PODFILE CHECKSUM: 98851f5a33614bd7cb989dbf1d8086d42630ff59

COCOAPODS: 1.12.0
