PODS:
  - adrop_ads_flutter (0.1.1):
    - AdropAds (~> 0.1.6)
    - Flutter
  - AdropAds (0.1.6)
  - Flutter (1.0.0)
  - integration_test (0.0.1):
    - Flutter

DEPENDENCIES:
  - adrop_ads_flutter (from `.symlinks/plugins/adrop_ads_flutter/ios`)
  - Flutter (from `Flutter`)
  - integration_test (from `.symlinks/plugins/integration_test/ios`)

SPEC REPOS:
  trunk:
    - AdropAds

EXTERNAL SOURCES:
  adrop_ads_flutter:
    :path: ".symlinks/plugins/adrop_ads_flutter/ios"
  Flutter:
    :path: Flutter
  integration_test:
    :path: ".symlinks/plugins/integration_test/ios"

SPEC CHECKSUMS:
  adrop_ads_flutter: 69df8930b681e104158e44244255be9e4b8ce2c6
  AdropAds: cd32879eb73c663db51ccb8796f9290e218af541
  Flutter: f04841e97a9d0b0a8025694d0796dd46242b2854
  integration_test: 13825b8a9334a850581300559b8839134b124670

PODFILE CHECKSUM: d3bc65aefa7ffb36a74f9f7b3645730c3fea7eab

COCOAPODS: 1.13.0
